
Microsoft Visual Studio Solution File, Format Version 12.00
# Visual Studio Version 17
VisualStudioVersion = 17.3.32819.101
MinimumVisualStudioVersion = 10.0.40219.1
Project("{FAE04EC0-301F-11D3-BF4B-00C04F79EFBC}") = "DataBindingLive", "DataBindingLive.csproj", "{0DE865EE-8683-440D-9C73-F66D503360F2}"
EndProject
Global
	GlobalSection(SolutionConfigurationPlatforms) = preSolution
		Debug|Any CPU = Debug|Any CPU
		Release|Any CPU = Release|Any CPU
	EndGlobalSection
	GlobalSection(ProjectConfigurationPlatforms) = postSolution
		{0DE865EE-8683-440D-9C73-F66D503360F2}.Debug|Any CPU.ActiveCfg = Debug|Any CPU
		{0DE865EE-8683-440D-9C73-F66D503360F2}.Debug|Any CPU.Build.0 = Debug|Any CPU
		{0DE865EE-8683-440D-9C73-F66D503360F2}.Release|Any CPU.ActiveCfg = Release|Any CPU
		{0DE865EE-8683-440D-9C73-F66D503360F2}.Release|Any CPU.Build.0 = Release|Any CPU
	EndGlobalSection
	GlobalSection(SolutionProperties) = preSolution
		HideSolutionNode = FALSE
	EndGlobalSection
	GlobalSection(ExtensibilityGlobals) = postSolution
		SolutionGuid = {0A3DD761-579A-4B49-83AE-74E1680EF84D}
	EndGlobalSection
EndGlobal
